
Microsoft Visual Studio Solution File, Format Version 12.00
# Visual Studio Version 16
VisualStudioVersion = 16.0.29613.14
MinimumVisualStudioVersion = 10.0.40219.1
Project("{8BC9CEB8-8B4A-11D0-8D11-00A0C91BC942}") = "10430_나머지", "10430_나머지\10430_나머지.vcxproj", "{1075C954-D248-4A80-B206-81A3CBB76C01}"
EndProject
Project("{8BC9CEB8-8B4A-11D0-8D11-00A0C91BC942}") = "2609_최대공약수와 최소공배수", "2609_최대공약수와 최소공배수\2609_최대공약수와 최소공배수.vcxproj", "{8DD78401-91F7-481C-9CA2-FE8C7F499EDD}"
EndProject
Project("{8BC9CEB8-8B4A-11D0-8D11-00A0C91BC942}") = "1934_최소공배수", "1934_최소공배수\1934_최소공배수.vcxproj", "{E71A0D57-57C5-46B7-B9CB-73B059EC1563}"
EndProject
Project("{8BC9CEB8-8B4A-11D0-8D11-00A0C91BC942}") = "1978_소수 찾기", "1978_소수 찾기\1978_소수 찾기.vcxproj", "{AD02098E-F000-456F-B66C-7C57BA30F9F1}"
EndProject
Project("{8BC9CEB8-8B4A-11D0-8D11-00A0C91BC942}") = "1929_소수 구하기", "1929_소수 구하기\1929_소수 구하기.vcxproj", "{22A01DC6-1026-40DF-B08A-4FAF28A7BBA9}"
EndProject
Project("{8BC9CEB8-8B4A-11D0-8D11-00A0C91BC942}") = "6588_골드바흐의 추측", "6588_골드바흐의 추측\6588_골드바흐의 추측.vcxproj", "{EE22FF05-2E81-42A8-A73F-7584BA74A462}"
EndProject
Project("{8BC9CEB8-8B4A-11D0-8D11-00A0C91BC942}") = "1676_팩토리얼 0의 개수", "1676_팩토리얼 0의 개수\팩토리얼 0의 개수.vcxproj", "{A436BF5F-DDDD-4646-8572-8DC3A5329CA1}"
EndProject
Project("{8BC9CEB8-8B4A-11D0-8D11-00A0C91BC942}") = "2004_조합 0의 개수", "2004_조합 0의 개수\조합 0의 개수.vcxproj", "{1E7942E2-78CD-4936-AB18-31F19378DF56}"
EndProject
Project("{8BC9CEB8-8B4A-11D0-8D11-00A0C91BC942}") = "9613_GCD 합", "9613_GCD 합\9613_GCD 합.vcxproj", "{C07C2335-CB32-4D1F-9B4A-DF7B5C987F80}"
EndProject
Project("{8BC9CEB8-8B4A-11D0-8D11-00A0C91BC942}") = "17087_숨바꼭질 6", "17087_숨바꼭질 6\17087_숨바꼭질 6.vcxproj", "{1CD4A668-D321-4BC6-B3FF-CD04D2997E58}"
EndProject
Project("{8BC9CEB8-8B4A-11D0-8D11-00A0C91BC942}") = "17103_골드바흐 파티션", "17103_골드바흐 파티션\17103_골드바흐 파티션.vcxproj", "{15368DC0-839B-4F7E-A699-0703A2540187}"
EndProject
Project("{8BC9CEB8-8B4A-11D0-8D11-00A0C91BC942}") = "11653_소인수분해", "11653_소인수분해\11653_소인수분해.vcxproj", "{F97954A0-FCAC-477C-A938-DA23BB7FF988}"
EndProject
Project("{8BC9CEB8-8B4A-11D0-8D11-00A0C91BC942}") = "2981_검문", "2981_검문\2981_검문.vcxproj", "{FB73BA50-7624-4E34-A107-F510E166ECB0}"
EndProject
Project("{8BC9CEB8-8B4A-11D0-8D11-00A0C91BC942}") = "5086_배수와 약수", "5086_배수와 약수\5086_배수와 약수.vcxproj", "{46358F3C-63E3-40E6-96F4-5C1CF0C38754}"
EndProject
Project("{8BC9CEB8-8B4A-11D0-8D11-00A0C91BC942}") = "1037_약수", "1037_약수\1037_약수.vcxproj", "{1172EF6B-A6D7-4DB0-82ED-FA614923B1FF}"
EndProject
Project("{8BC9CEB8-8B4A-11D0-8D11-00A0C91BC942}") = "3036_링", "3036_링\3036_링.vcxproj", "{50A47EBC-DCB6-4D45-B656-2A8E74C47EA8}"
EndProject
Project("{8BC9CEB8-8B4A-11D0-8D11-00A0C91BC942}") = "1373_2진수 8진수", "1373_2진수 8진수\1373_2진수 8진수.vcxproj", "{BC877164-57CE-4C5E-91AA-3E36F05EEEF5}"
EndProject
Project("{8BC9CEB8-8B4A-11D0-8D11-00A0C91BC942}") = "1212_8진수 2진수", "1212_8진수 2진수\1212_8진수 2진수.vcxproj", "{72EDB038-357D-49C7-BD0E-87B16119A105}"
EndProject
Project("{8BC9CEB8-8B4A-11D0-8D11-00A0C91BC942}") = "2089_-2진수", "2089_-2진수\2089_-2진수.vcxproj", "{BF35F08B-3677-4999-BDFC-617E8F8B24DD}"
EndProject
Project("{8BC9CEB8-8B4A-11D0-8D11-00A0C91BC942}") = "11005_진법 변환 2", "11005_진법 변환 2\11005_진법 변환 2.vcxproj", "{7331AC43-5B80-44C4-B0F8-D9F91EAC9A51}"
EndProject
Project("{8BC9CEB8-8B4A-11D0-8D11-00A0C91BC942}") = "2745_진법 변환", "2745_진법 변환\2745_진법 변환.vcxproj", "{48F15220-76DD-4877-8438-4CBB347AB9DD}"
EndProject
Project("{8BC9CEB8-8B4A-11D0-8D11-00A0C91BC942}") = "11567_Base Conversion", "11567_Base Conversion\11567_Base Conversion.vcxproj", "{0490376E-C3A8-4B6B-8968-D43FCB1CAA23}"
EndProject
Project("{8BC9CEB8-8B4A-11D0-8D11-00A0C91BC942}") = "9375_패션왕 신해빈", "9375_패션왕 신해빈\9375_패션왕 신해빈.vcxproj", "{193BF0A7-47B8-43B3-BAD4-154F99B09584}"
EndProject
Project("{8BC9CEB8-8B4A-11D0-8D11-00A0C91BC942}") = "1009_분산처리", "1009_분산처리\1009_분산처리.vcxproj", "{1148E1C2-7884-40DA-AEEB-486DC49B5C17}"
EndProject
Project("{8BC9CEB8-8B4A-11D0-8D11-00A0C91BC942}") = "HEX CLAC", "HEX CLAC\HEX CLAC.vcxproj", "{B8EBD924-FDE0-4378-92D6-6B58C14A982F}"
EndProject
Global
	GlobalSection(SolutionConfigurationPlatforms) = preSolution
		Debug|x64 = Debug|x64
		Debug|x86 = Debug|x86
		Release|x64 = Release|x64
		Release|x86 = Release|x86
	EndGlobalSection
	GlobalSection(ProjectConfigurationPlatforms) = postSolution
		{1075C954-D248-4A80-B206-81A3CBB76C01}.Debug|x64.ActiveCfg = Debug|x64
		{1075C954-D248-4A80-B206-81A3CBB76C01}.Debug|x64.Build.0 = Debug|x64
		{1075C954-D248-4A80-B206-81A3CBB76C01}.Debug|x86.ActiveCfg = Debug|Win32
		{1075C954-D248-4A80-B206-81A3CBB76C01}.Debug|x86.Build.0 = Debug|Win32
		{1075C954-D248-4A80-B206-81A3CBB76C01}.Release|x64.ActiveCfg = Release|x64
		{1075C954-D248-4A80-B206-81A3CBB76C01}.Release|x64.Build.0 = Release|x64
		{1075C954-D248-4A80-B206-81A3CBB76C01}.Release|x86.ActiveCfg = Release|Win32
		{1075C954-D248-4A80-B206-81A3CBB76C01}.Release|x86.Build.0 = Release|Win32
		{8DD78401-91F7-481C-9CA2-FE8C7F499EDD}.Debug|x64.ActiveCfg = Debug|x64
		{8DD78401-91F7-481C-9CA2-FE8C7F499EDD}.Debug|x64.Build.0 = Debug|x64
		{8DD78401-91F7-481C-9CA2-FE8C7F499EDD}.Debug|x86.ActiveCfg = Debug|Win32
		{8DD78401-91F7-481C-9CA2-FE8C7F499EDD}.Debug|x86.Build.0 = Debug|Win32
		{8DD78401-91F7-481C-9CA2-FE8C7F499EDD}.Release|x64.ActiveCfg = Release|x64
		{8DD78401-91F7-481C-9CA2-FE8C7F499EDD}.Release|x64.Build.0 = Release|x64
		{8DD78401-91F7-481C-9CA2-FE8C7F499EDD}.Release|x86.ActiveCfg = Release|Win32
		{8DD78401-91F7-481C-9CA2-FE8C7F499EDD}.Release|x86.Build.0 = Release|Win32
		{E71A0D57-57C5-46B7-B9CB-73B059EC1563}.Debug|x64.ActiveCfg = Debug|x64
		{E71A0D57-57C5-46B7-B9CB-73B059EC1563}.Debug|x64.Build.0 = Debug|x64
		{E71A0D57-57C5-46B7-B9CB-73B059EC1563}.Debug|x86.ActiveCfg = Debug|Win32
		{E71A0D57-57C5-46B7-B9CB-73B059EC1563}.Debug|x86.Build.0 = Debug|Win32
		{E71A0D57-57C5-46B7-B9CB-73B059EC1563}.Release|x64.ActiveCfg = Release|x64
		{E71A0D57-57C5-46B7-B9CB-73B059EC1563}.Release|x64.Build.0 = Release|x64
		{E71A0D57-57C5-46B7-B9CB-73B059EC1563}.Release|x86.ActiveCfg = Release|Win32
		{E71A0D57-57C5-46B7-B9CB-73B059EC1563}.Release|x86.Build.0 = Release|Win32
		{AD02098E-F000-456F-B66C-7C57BA30F9F1}.Debug|x64.ActiveCfg = Debug|x64
		{AD02098E-F000-456F-B66C-7C57BA30F9F1}.Debug|x64.Build.0 = Debug|x64
		{AD02098E-F000-456F-B66C-7C57BA30F9F1}.Debug|x86.ActiveCfg = Debug|Win32
		{AD02098E-F000-456F-B66C-7C57BA30F9F1}.Debug|x86.Build.0 = Debug|Win32
		{AD02098E-F000-456F-B66C-7C57BA30F9F1}.Release|x64.ActiveCfg = Release|x64
		{AD02098E-F000-456F-B66C-7C57BA30F9F1}.Release|x64.Build.0 = Release|x64
		{AD02098E-F000-456F-B66C-7C57BA30F9F1}.Release|x86.ActiveCfg = Release|Win32
		{AD02098E-F000-456F-B66C-7C57BA30F9F1}.Release|x86.Build.0 = Release|Win32
		{22A01DC6-1026-40DF-B08A-4FAF28A7BBA9}.Debug|x64.ActiveCfg = Debug|x64
		{22A01DC6-1026-40DF-B08A-4FAF28A7BBA9}.Debug|x64.Build.0 = Debug|x64
		{22A01DC6-1026-40DF-B08A-4FAF28A7BBA9}.Debug|x86.ActiveCfg = Debug|Win32
		{22A01DC6-1026-40DF-B08A-4FAF28A7BBA9}.Debug|x86.Build.0 = Debug|Win32
		{22A01DC6-1026-40DF-B08A-4FAF28A7BBA9}.Release|x64.ActiveCfg = Release|x64
		{22A01DC6-1026-40DF-B08A-4FAF28A7BBA9}.Release|x64.Build.0 = Release|x64
		{22A01DC6-1026-40DF-B08A-4FAF28A7BBA9}.Release|x86.ActiveCfg = Release|Win32
		{22A01DC6-1026-40DF-B08A-4FAF28A7BBA9}.Release|x86.Build.0 = Release|Win32
		{EE22FF05-2E81-42A8-A73F-7584BA74A462}.Debug|x64.ActiveCfg = Debug|x64
		{EE22FF05-2E81-42A8-A73F-7584BA74A462}.Debug|x64.Build.0 = Debug|x64
		{EE22FF05-2E81-42A8-A73F-7584BA74A462}.Debug|x86.ActiveCfg = Debug|Win32
		{EE22FF05-2E81-42A8-A73F-7584BA74A462}.Debug|x86.Build.0 = Debug|Win32
		{EE22FF05-2E81-42A8-A73F-7584BA74A462}.Release|x64.ActiveCfg = Release|x64
		{EE22FF05-2E81-42A8-A73F-7584BA74A462}.Release|x64.Build.0 = Release|x64
		{EE22FF05-2E81-42A8-A73F-7584BA74A462}.Release|x86.ActiveCfg = Release|Win32
		{EE22FF05-2E81-42A8-A73F-7584BA74A462}.Release|x86.Build.0 = Release|Win32
		{A436BF5F-DDDD-4646-8572-8DC3A5329CA1}.Debug|x64.ActiveCfg = Debug|x64
		{A436BF5F-DDDD-4646-8572-8DC3A5329CA1}.Debug|x64.Build.0 = Debug|x64
		{A436BF5F-DDDD-4646-8572-8DC3A5329CA1}.Debug|x86.ActiveCfg = Debug|Win32
		{A436BF5F-DDDD-4646-8572-8DC3A5329CA1}.Debug|x86.Build.0 = Debug|Win32
		{A436BF5F-DDDD-4646-8572-8DC3A5329CA1}.Release|x64.ActiveCfg = Release|x64
		{A436BF5F-DDDD-4646-8572-8DC3A5329CA1}.Release|x64.Build.0 = Release|x64
		{A436BF5F-DDDD-4646-8572-8DC3A5329CA1}.Release|x86.ActiveCfg = Release|Win32
		{A436BF5F-DDDD-4646-8572-8DC3A5329CA1}.Release|x86.Build.0 = Release|Win32
		{1E7942E2-78CD-4936-AB18-31F19378DF56}.Debug|x64.ActiveCfg = Debug|x64
		{1E7942E2-78CD-4936-AB18-31F19378DF56}.Debug|x64.Build.0 = Debug|x64
		{1E7942E2-78CD-4936-AB18-31F19378DF56}.Debug|x86.ActiveCfg = Debug|Win32
		{1E7942E2-78CD-4936-AB18-31F19378DF56}.Debug|x86.Build.0 = Debug|Win32
		{1E7942E2-78CD-4936-AB18-31F19378DF56}.Release|x64.ActiveCfg = Release|x64
		{1E7942E2-78CD-4936-AB18-31F19378DF56}.Release|x64.Build.0 = Release|x64
		{1E7942E2-78CD-4936-AB18-31F19378DF56}.Release|x86.ActiveCfg = Release|Win32
		{1E7942E2-78CD-4936-AB18-31F19378DF56}.Release|x86.Build.0 = Release|Win32
		{C07C2335-CB32-4D1F-9B4A-DF7B5C987F80}.Debug|x64.ActiveCfg = Debug|x64
		{C07C2335-CB32-4D1F-9B4A-DF7B5C987F80}.Debug|x64.Build.0 = Debug|x64
		{C07C2335-CB32-4D1F-9B4A-DF7B5C987F80}.Debug|x86.ActiveCfg = Debug|Win32
		{C07C2335-CB32-4D1F-9B4A-DF7B5C987F80}.Debug|x86.Build.0 = Debug|Win32
		{C07C2335-CB32-4D1F-9B4A-DF7B5C987F80}.Release|x64.ActiveCfg = Release|x64
		{C07C2335-CB32-4D1F-9B4A-DF7B5C987F80}.Release|x64.Build.0 = Release|x64
		{C07C2335-CB32-4D1F-9B4A-DF7B5C987F80}.Release|x86.ActiveCfg = Release|Win32
		{C07C2335-CB32-4D1F-9B4A-DF7B5C987F80}.Release|x86.Build.0 = Release|Win32
		{1CD4A668-D321-4BC6-B3FF-CD04D2997E58}.Debug|x64.ActiveCfg = Debug|x64
		{1CD4A668-D321-4BC6-B3FF-CD04D2997E58}.Debug|x64.Build.0 = Debug|x64
		{1CD4A668-D321-4BC6-B3FF-CD04D2997E58}.Debug|x86.ActiveCfg = Debug|Win32
		{1CD4A668-D321-4BC6-B3FF-CD04D2997E58}.Debug|x86.Build.0 = Debug|Win32
		{1CD4A668-D321-4BC6-B3FF-CD04D2997E58}.Release|x64.ActiveCfg = Release|x64
		{1CD4A668-D321-4BC6-B3FF-CD04D2997E58}.Release|x64.Build.0 = Release|x64
		{1CD4A668-D321-4BC6-B3FF-CD04D2997E58}.Release|x86.ActiveCfg = Release|Win32
		{1CD4A668-D321-4BC6-B3FF-CD04D2997E58}.Release|x86.Build.0 = Release|Win32
		{15368DC0-839B-4F7E-A699-0703A2540187}.Debug|x64.ActiveCfg = Debug|x64
		{15368DC0-839B-4F7E-A699-0703A2540187}.Debug|x64.Build.0 = Debug|x64
		{15368DC0-839B-4F7E-A699-0703A2540187}.Debug|x86.ActiveCfg = Debug|Win32
		{15368DC0-839B-4F7E-A699-0703A2540187}.Debug|x86.Build.0 = Debug|Win32
		{15368DC0-839B-4F7E-A699-0703A2540187}.Release|x64.ActiveCfg = Release|x64
		{15368DC0-839B-4F7E-A699-0703A2540187}.Release|x64.Build.0 = Release|x64
		{15368DC0-839B-4F7E-A699-0703A2540187}.Release|x86.ActiveCfg = Release|Win32
		{15368DC0-839B-4F7E-A699-0703A2540187}.Release|x86.Build.0 = Release|Win32
		{F97954A0-FCAC-477C-A938-DA23BB7FF988}.Debug|x64.ActiveCfg = Debug|x64
		{F97954A0-FCAC-477C-A938-DA23BB7FF988}.Debug|x64.Build.0 = Debug|x64
		{F97954A0-FCAC-477C-A938-DA23BB7FF988}.Debug|x86.ActiveCfg = Debug|Win32
		{F97954A0-FCAC-477C-A938-DA23BB7FF988}.Debug|x86.Build.0 = Debug|Win32
		{F97954A0-FCAC-477C-A938-DA23BB7FF988}.Release|x64.ActiveCfg = Release|x64
		{F97954A0-FCAC-477C-A938-DA23BB7FF988}.Release|x64.Build.0 = Release|x64
		{F97954A0-FCAC-477C-A938-DA23BB7FF988}.Release|x86.ActiveCfg = Release|Win32
		{F97954A0-FCAC-477C-A938-DA23BB7FF988}.Release|x86.Build.0 = Release|Win32
		{FB73BA50-7624-4E34-A107-F510E166ECB0}.Debug|x64.ActiveCfg = Debug|x64
		{FB73BA50-7624-4E34-A107-F510E166ECB0}.Debug|x64.Build.0 = Debug|x64
		{FB73BA50-7624-4E34-A107-F510E166ECB0}.Debug|x86.ActiveCfg = Debug|Win32
		{FB73BA50-7624-4E34-A107-F510E166ECB0}.Debug|x86.Build.0 = Debug|Win32
		{FB73BA50-7624-4E34-A107-F510E166ECB0}.Release|x64.ActiveCfg = Release|x64
		{FB73BA50-7624-4E34-A107-F510E166ECB0}.Release|x64.Build.0 = Release|x64
		{FB73BA50-7624-4E34-A107-F510E166ECB0}.Release|x86.ActiveCfg = Release|Win32
		{FB73BA50-7624-4E34-A107-F510E166ECB0}.Release|x86.Build.0 = Release|Win32
		{46358F3C-63E3-40E6-96F4-5C1CF0C38754}.Debug|x64.ActiveCfg = Debug|x64
		{46358F3C-63E3-40E6-96F4-5C1CF0C38754}.Debug|x64.Build.0 = Debug|x64
		{46358F3C-63E3-40E6-96F4-5C1CF0C38754}.Debug|x86.ActiveCfg = Debug|Win32
		{46358F3C-63E3-40E6-96F4-5C1CF0C38754}.Debug|x86.Build.0 = Debug|Win32
		{46358F3C-63E3-40E6-96F4-5C1CF0C38754}.Release|x64.ActiveCfg = Release|x64
		{46358F3C-63E3-40E6-96F4-5C1CF0C38754}.Release|x64.Build.0 = Release|x64
		{46358F3C-63E3-40E6-96F4-5C1CF0C38754}.Release|x86.ActiveCfg = Release|Win32
		{46358F3C-63E3-40E6-96F4-5C1CF0C38754}.Release|x86.Build.0 = Release|Win32
		{1172EF6B-A6D7-4DB0-82ED-FA614923B1FF}.Debug|x64.ActiveCfg = Debug|x64
		{1172EF6B-A6D7-4DB0-82ED-FA614923B1FF}.Debug|x64.Build.0 = Debug|x64
		{1172EF6B-A6D7-4DB0-82ED-FA614923B1FF}.Debug|x86.ActiveCfg = Debug|Win32
		{1172EF6B-A6D7-4DB0-82ED-FA614923B1FF}.Debug|x86.Build.0 = Debug|Win32
		{1172EF6B-A6D7-4DB0-82ED-FA614923B1FF}.Release|x64.ActiveCfg = Release|x64
		{1172EF6B-A6D7-4DB0-82ED-FA614923B1FF}.Release|x64.Build.0 = Release|x64
		{1172EF6B-A6D7-4DB0-82ED-FA614923B1FF}.Release|x86.ActiveCfg = Release|Win32
		{1172EF6B-A6D7-4DB0-82ED-FA614923B1FF}.Release|x86.Build.0 = Release|Win32
		{50A47EBC-DCB6-4D45-B656-2A8E74C47EA8}.Debug|x64.ActiveCfg = Debug|x64
		{50A47EBC-DCB6-4D45-B656-2A8E74C47EA8}.Debug|x64.Build.0 = Debug|x64
		{50A47EBC-DCB6-4D45-B656-2A8E74C47EA8}.Debug|x86.ActiveCfg = Debug|Win32
		{50A47EBC-DCB6-4D45-B656-2A8E74C47EA8}.Debug|x86.Build.0 = Debug|Win32
		{50A47EBC-DCB6-4D45-B656-2A8E74C47EA8}.Release|x64.ActiveCfg = Release|x64
		{50A47EBC-DCB6-4D45-B656-2A8E74C47EA8}.Release|x64.Build.0 = Release|x64
		{50A47EBC-DCB6-4D45-B656-2A8E74C47EA8}.Release|x86.ActiveCfg = Release|Win32
		{50A47EBC-DCB6-4D45-B656-2A8E74C47EA8}.Release|x86.Build.0 = Release|Win32
		{BC877164-57CE-4C5E-91AA-3E36F05EEEF5}.Debug|x64.ActiveCfg = Debug|x64
		{BC877164-57CE-4C5E-91AA-3E36F05EEEF5}.Debug|x64.Build.0 = Debug|x64
		{BC877164-57CE-4C5E-91AA-3E36F05EEEF5}.Debug|x86.ActiveCfg = Debug|Win32
		{BC877164-57CE-4C5E-91AA-3E36F05EEEF5}.Debug|x86.Build.0 = Debug|Win32
		{BC877164-57CE-4C5E-91AA-3E36F05EEEF5}.Release|x64.ActiveCfg = Release|x64
		{BC877164-57CE-4C5E-91AA-3E36F05EEEF5}.Release|x64.Build.0 = Release|x64
		{BC877164-57CE-4C5E-91AA-3E36F05EEEF5}.Release|x86.ActiveCfg = Release|Win32
		{BC877164-57CE-4C5E-91AA-3E36F05EEEF5}.Release|x86.Build.0 = Release|Win32
		{72EDB038-357D-49C7-BD0E-87B16119A105}.Debug|x64.ActiveCfg = Debug|x64
		{72EDB038-357D-49C7-BD0E-87B16119A105}.Debug|x64.Build.0 = Debug|x64
		{72EDB038-357D-49C7-BD0E-87B16119A105}.Debug|x86.ActiveCfg = Debug|Win32
		{72EDB038-357D-49C7-BD0E-87B16119A105}.Debug|x86.Build.0 = Debug|Win32
		{72EDB038-357D-49C7-BD0E-87B16119A105}.Release|x64.ActiveCfg = Release|x64
		{72EDB038-357D-49C7-BD0E-87B16119A105}.Release|x64.Build.0 = Release|x64
		{72EDB038-357D-49C7-BD0E-87B16119A105}.Release|x86.ActiveCfg = Release|Win32
		{72EDB038-357D-49C7-BD0E-87B16119A105}.Release|x86.Build.0 = Release|Win32
		{BF35F08B-3677-4999-BDFC-617E8F8B24DD}.Debug|x64.ActiveCfg = Debug|x64
		{BF35F08B-3677-4999-BDFC-617E8F8B24DD}.Debug|x64.Build.0 = Debug|x64
		{BF35F08B-3677-4999-BDFC-617E8F8B24DD}.Debug|x86.ActiveCfg = Debug|Win32
		{BF35F08B-3677-4999-BDFC-617E8F8B24DD}.Debug|x86.Build.0 = Debug|Win32
		{BF35F08B-3677-4999-BDFC-617E8F8B24DD}.Release|x64.ActiveCfg = Release|x64
		{BF35F08B-3677-4999-BDFC-617E8F8B24DD}.Release|x64.Build.0 = Release|x64
		{BF35F08B-3677-4999-BDFC-617E8F8B24DD}.Release|x86.ActiveCfg = Release|Win32
		{BF35F08B-3677-4999-BDFC-617E8F8B24DD}.Release|x86.Build.0 = Release|Win32
		{7331AC43-5B80-44C4-B0F8-D9F91EAC9A51}.Debug|x64.ActiveCfg = Debug|x64
		{7331AC43-5B80-44C4-B0F8-D9F91EAC9A51}.Debug|x64.Build.0 = Debug|x64
		{7331AC43-5B80-44C4-B0F8-D9F91EAC9A51}.Debug|x86.ActiveCfg = Debug|Win32
		{7331AC43-5B80-44C4-B0F8-D9F91EAC9A51}.Debug|x86.Build.0 = Debug|Win32
		{7331AC43-5B80-44C4-B0F8-D9F91EAC9A51}.Release|x64.ActiveCfg = Release|x64
		{7331AC43-5B80-44C4-B0F8-D9F91EAC9A51}.Release|x64.Build.0 = Release|x64
		{7331AC43-5B80-44C4-B0F8-D9F91EAC9A51}.Release|x86.ActiveCfg = Release|Win32
		{7331AC43-5B80-44C4-B0F8-D9F91EAC9A51}.Release|x86.Build.0 = Release|Win32
		{48F15220-76DD-4877-8438-4CBB347AB9DD}.Debug|x64.ActiveCfg = Debug|x64
		{48F15220-76DD-4877-8438-4CBB347AB9DD}.Debug|x64.Build.0 = Debug|x64
		{48F15220-76DD-4877-8438-4CBB347AB9DD}.Debug|x86.ActiveCfg = Debug|Win32
		{48F15220-76DD-4877-8438-4CBB347AB9DD}.Debug|x86.Build.0 = Debug|Win32
		{48F15220-76DD-4877-8438-4CBB347AB9DD}.Release|x64.ActiveCfg = Release|x64
		{48F15220-76DD-4877-8438-4CBB347AB9DD}.Release|x64.Build.0 = Release|x64
		{48F15220-76DD-4877-8438-4CBB347AB9DD}.Release|x86.ActiveCfg = Release|Win32
		{48F15220-76DD-4877-8438-4CBB347AB9DD}.Release|x86.Build.0 = Release|Win32
		{0490376E-C3A8-4B6B-8968-D43FCB1CAA23}.Debug|x64.ActiveCfg = Debug|x64
		{0490376E-C3A8-4B6B-8968-D43FCB1CAA23}.Debug|x64.Build.0 = Debug|x64
		{0490376E-C3A8-4B6B-8968-D43FCB1CAA23}.Debug|x86.ActiveCfg = Debug|Win32
		{0490376E-C3A8-4B6B-8968-D43FCB1CAA23}.Debug|x86.Build.0 = Debug|Win32
		{0490376E-C3A8-4B6B-8968-D43FCB1CAA23}.Release|x64.ActiveCfg = Release|x64
		{0490376E-C3A8-4B6B-8968-D43FCB1CAA23}.Release|x64.Build.0 = Release|x64
		{0490376E-C3A8-4B6B-8968-D43FCB1CAA23}.Release|x86.ActiveCfg = Release|Win32
		{0490376E-C3A8-4B6B-8968-D43FCB1CAA23}.Release|x86.Build.0 = Release|Win32
		{193BF0A7-47B8-43B3-BAD4-154F99B09584}.Debug|x64.ActiveCfg = Debug|x64
		{193BF0A7-47B8-43B3-BAD4-154F99B09584}.Debug|x64.Build.0 = Debug|x64
		{193BF0A7-47B8-43B3-BAD4-154F99B09584}.Debug|x86.ActiveCfg = Debug|Win32
		{193BF0A7-47B8-43B3-BAD4-154F99B09584}.Debug|x86.Build.0 = Debug|Win32
		{193BF0A7-47B8-43B3-BAD4-154F99B09584}.Release|x64.ActiveCfg = Release|x64
		{193BF0A7-47B8-43B3-BAD4-154F99B09584}.Release|x64.Build.0 = Release|x64
		{193BF0A7-47B8-43B3-BAD4-154F99B09584}.Release|x86.ActiveCfg = Release|Win32
		{193BF0A7-47B8-43B3-BAD4-154F99B09584}.Release|x86.Build.0 = Release|Win32
		{1148E1C2-7884-40DA-AEEB-486DC49B5C17}.Debug|x64.ActiveCfg = Debug|x64
		{1148E1C2-7884-40DA-AEEB-486DC49B5C17}.Debug|x64.Build.0 = Debug|x64
		{1148E1C2-7884-40DA-AEEB-486DC49B5C17}.Debug|x86.ActiveCfg = Debug|Win32
		{1148E1C2-7884-40DA-AEEB-486DC49B5C17}.Debug|x86.Build.0 = Debug|Win32
		{1148E1C2-7884-40DA-AEEB-486DC49B5C17}.Release|x64.ActiveCfg = Release|x64
		{1148E1C2-7884-40DA-AEEB-486DC49B5C17}.Release|x64.Build.0 = Release|x64
		{1148E1C2-7884-40DA-AEEB-486DC49B5C17}.Release|x86.ActiveCfg = Release|Win32
		{1148E1C2-7884-40DA-AEEB-486DC49B5C17}.Release|x86.Build.0 = Release|Win32
		{B8EBD924-FDE0-4378-92D6-6B58C14A982F}.Debug|x64.ActiveCfg = Debug|x64
		{B8EBD924-FDE0-4378-92D6-6B58C14A982F}.Debug|x64.Build.0 = Debug|x64
		{B8EBD924-FDE0-4378-92D6-6B58C14A982F}.Debug|x86.ActiveCfg = Debug|Win32
		{B8EBD924-FDE0-4378-92D6-6B58C14A982F}.Debug|x86.Build.0 = Debug|Win32
		{B8EBD924-FDE0-4378-92D6-6B58C14A982F}.Release|x64.ActiveCfg = Release|x64
		{B8EBD924-FDE0-4378-92D6-6B58C14A982F}.Release|x64.Build.0 = Release|x64
		{B8EBD924-FDE0-4378-92D6-6B58C14A982F}.Release|x86.ActiveCfg = Release|Win32
		{B8EBD924-FDE0-4378-92D6-6B58C14A982F}.Release|x86.Build.0 = Release|Win32
	EndGlobalSection
	GlobalSection(SolutionProperties) = preSolution
		HideSolutionNode = FALSE
	EndGlobalSection
	GlobalSection(ExtensibilityGlobals) = postSolution
		SolutionGuid = {C69A25DF-E569-491F-8BB6-80F512C2BCF4}
	EndGlobalSection
EndGlobal
